// !$*UTF8*$!
{
	archiveVersion = 1;
	classes = {
	};
	objectVersion = 46;
	objects = {

/* Begin PBXBuildFile section */
		EADD53021992FCBC00E19A42 /* AppDelegate.swift in Sources */ = {isa = PBXBuildFile; fileRef = EADD53011992FCBC00E19A42 /* AppDelegate.swift */; };
		EADD53041992FCBC00E19A42 /* ViewController.swift in Sources */ = {isa = PBXBuildFile; fileRef = EADD53031992FCBC00E19A42 /* ViewController.swift */; };
		EADD53071992FCBC00E19A42 /* Main.storyboard in Resources */ = {isa = PBXBuildFile; fileRef = EADD53051992FCBC00E19A42 /* Main.storyboard */; };
		EADD53091992FCBC00E19A42 /* Images.xcassets in Resources */ = {isa = PBXBuildFile; fileRef = EADD53081992FCBC00E19A42 /* Images.xcassets */; };
		EADD53151992FCBC00E19A42 /* MarqueeLabel_SwiftTests.swift in Sources */ = {isa = PBXBuildFile; fileRef = EADD53141992FCBC00E19A42 /* MarqueeLabel_SwiftTests.swift */; };
/* End PBXBuildFile section */

/* Begin PBXContainerItemProxy section */
		EADD530F1992FCBC00E19A42 /* PBXContainerItemProxy */ = {
			isa = PBXContainerItemProxy;
			containerPortal = EADD52F41992FCBC00E19A42 /* Project object */;
			proxyType = 1;
			remoteGlobalIDString = EADD52FB1992FCBC00E19A42;
			remoteInfo = "MarqueeLabel-Swift";
		};
/* End PBXContainerItemProxy section */

/* Begin PBXFileReference section */
		EADD52FC1992FCBC00E19A42 /* MarqueeLabel-Swift.app */ = {isa = PBXFileReference; explicitFileType = wrapper.application; includeInIndex = 0; path = "MarqueeLabel-Swift.app"; sourceTree = BUILT_PRODUCTS_DIR; };
		EADD53001992FCBC00E19A42 /* Info.plist */ = {isa = PBXFileReference; lastKnownFileType = text.plist.xml; path = Info.plist; sourceTree = "<group>"; };
		EADD53011992FCBC00E19A42 /* AppDelegate.swift */ = {isa = PBXFileReference; lastKnownFileType = sourcecode.swift; path = AppDelegate.swift; sourceTree = "<group>"; };
		EADD53031992FCBC00E19A42 /* ViewController.swift */ = {isa = PBXFileReference; lastKnownFileType = sourcecode.swift; path = ViewController.swift; sourceTree = "<group>"; };
		EADD53061992FCBC00E19A42 /* Base */ = {isa = PBXFileReference; lastKnownFileType = file.storyboard; name = Base; path = Base.lproj/Main.storyboard; sourceTree = "<group>"; };
		EADD53081992FCBC00E19A42 /* Images.xcassets */ = {isa = PBXFileReference; lastKnownFileType = folder.assetcatalog; path = Images.xcassets; sourceTree = "<group>"; };
		EADD530E1992FCBC00E19A42 /* MarqueeLabel-SwiftTests.xctest */ = {isa = PBXFileReference; explicitFileType = wrapper.cfbundle; includeInIndex = 0; path = "MarqueeLabel-SwiftTests.xctest"; sourceTree = BUILT_PRODUCTS_DIR; };
		EADD53131992FCBC00E19A42 /* Info.plist */ = {isa = PBXFileReference; lastKnownFileType = text.plist.xml; path = Info.plist; sourceTree = "<group>"; };
		EADD53141992FCBC00E19A42 /* MarqueeLabel_SwiftTests.swift */ = {isa = PBXFileReference; lastKnownFileType = sourcecode.swift; path = MarqueeLabel_SwiftTests.swift; sourceTree = "<group>"; };
/* End PBXFileReference section */

/* Begin PBXFrameworksBuildPhase section */
		EADD52F91992FCBC00E19A42 /* Frameworks */ = {
			isa = PBXFrameworksBuildPhase;
			buildActionMask = 2147483647;
			files = (
			);
			runOnlyForDeploymentPostprocessing = 0;
		};
		EADD530B1992FCBC00E19A42 /* Frameworks */ = {
			isa = PBXFrameworksBuildPhase;
			buildActionMask = 2147483647;
			files = (
			);
			runOnlyForDeploymentPostprocessing = 0;
		};
/* End PBXFrameworksBuildPhase section */

/* Begin PBXGroup section */
		EADD52F31992FCBC00E19A42 = {
			isa = PBXGroup;
			children = (
				EADD52FE1992FCBC00E19A42 /* MarqueeLabel-Swift */,
				EADD53111992FCBC00E19A42 /* MarqueeLabel-SwiftTests */,
				EADD52FD1992FCBC00E19A42 /* Products */,
			);
			sourceTree = "<group>";
		};
		EADD52FD1992FCBC00E19A42 /* Products */ = {
			isa = PBXGroup;
			children = (
				EADD52FC1992FCBC00E19A42 /* MarqueeLabel-Swift.app */,
				EADD530E1992FCBC00E19A42 /* MarqueeLabel-SwiftTests.xctest */,
			);
			name = Products;
			sourceTree = "<group>";
		};
		EADD52FE1992FCBC00E19A42 /* MarqueeLabel-Swift */ = {
			isa = PBXGroup;
			children = (
				EADD53011992FCBC00E19A42 /* AppDelegate.swift */,
				EADD53031992FCBC00E19A42 /* ViewController.swift */,
				EADD53051992FCBC00E19A42 /* Main.storyboard */,
				EADD53081992FCBC00E19A42 /* Images.xcassets */,
				EADD52FF1992FCBC00E19A42 /* Supporting Files */,
			);
			path = "MarqueeLabel-Swift";
			sourceTree = "<group>";
		};
		EADD52FF1992FCBC00E19A42 /* Supporting Files */ = {
			isa = PBXGroup;
			children = (
				EADD53001992FCBC00E19A42 /* Info.plist */,
			);
			name = "Supporting Files";
			sourceTree = "<group>";
		};
		EADD53111992FCBC00E19A42 /* MarqueeLabel-SwiftTests */ = {
			isa = PBXGroup;
			children = (
				EADD53141992FCBC00E19A42 /* MarqueeLabel_SwiftTests.swift */,
				EADD53121992FCBC00E19A42 /* Supporting Files */,
			);
			path = "MarqueeLabel-SwiftTests";
			sourceTree = "<group>";
		};
		EADD53121992FCBC00E19A42 /* Supporting Files */ = {
			isa = PBXGroup;
			children = (
				EADD53131992FCBC00E19A42 /* Info.plist */,
			);
			name = "Supporting Files";
			sourceTree = "<group>";
		};
/* End PBXGroup section */

/* Begin PBXNativeTarget section */
		EADD52FB1992FCBC00E19A42 /* MarqueeLabel-Swift */ = {
			isa = PBXNativeTarget;
			buildConfigurationList = EADD53181992FCBC00E19A42 /* Build configuration list for PBXNativeTarget "MarqueeLabel-Swift" */;
			buildPhases = (
				EADD52F81992FCBC00E19A42 /* Sources */,
				EADD52F91992FCBC00E19A42 /* Frameworks */,
				EADD52FA1992FCBC00E19A42 /* Resources */,
			);
			buildRules = (
			);
			dependencies = (
			);
			name = "MarqueeLabel-Swift";
			productName = "MarqueeLabel-Swift";
			productReference = EADD52FC1992FCBC00E19A42 /* MarqueeLabel-Swift.app */;
			productType = "com.apple.product-type.application";
		};
		EADD530D1992FCBC00E19A42 /* MarqueeLabel-SwiftTests */ = {
			isa = PBXNativeTarget;
			buildConfigurationList = EADD531B1992FCBC00E19A42 /* Build configuration list for PBXNativeTarget "MarqueeLabel-SwiftTests" */;
			buildPhases = (
				EADD530A1992FCBC00E19A42 /* Sources */,
				EADD530B1992FCBC00E19A42 /* Frameworks */,
				EADD530C1992FCBC00E19A42 /* Resources */,
			);
			buildRules = (
			);
			dependencies = (
				EADD53101992FCBC00E19A42 /* PBXTargetDependency */,
			);
			name = "MarqueeLabel-SwiftTests";
			productName = "MarqueeLabel-SwiftTests";
			productReference = EADD530E1992FCBC00E19A42 /* MarqueeLabel-SwiftTests.xctest */;
			productType = "com.apple.product-type.bundle.unit-test";
		};
/* End PBXNativeTarget section */

/* Begin PBXProject section */
		EADD52F41992FCBC00E19A42 /* Project object */ = {
			isa = PBXProject;
			attributes = {
				LastUpgradeCheck = 0600;
				ORGANIZATIONNAME = "Charles Powell";
				TargetAttributes = {
					EADD52FB1992FCBC00E19A42 = {
						CreatedOnToolsVersion = 6.0;
					};
					EADD530D1992FCBC00E19A42 = {
						CreatedOnToolsVersion = 6.0;
						TestTargetID = EADD52FB1992FCBC00E19A42;
					};
				};
			};
			buildConfigurationList = EADD52F71992FCBC00E19A42 /* Build configuration list for PBXProject "MarqueeLabel-Swift" */;
			compatibilityVersion = "Xcode 3.2";
			developmentRegion = English;
			hasScannedForEncodings = 0;
			knownRegions = (
				en,
				Base,
			);
			mainGroup = EADD52F31992FCBC00E19A42;
			productRefGroup = EADD52FD1992FCBC00E19A42 /* Products */;
			projectDirPath = "";
			projectRoot = "";
			targets = (
				EADD52FB1992FCBC00E19A42 /* MarqueeLabel-Swift */,
				EADD530D1992FCBC00E19A42 /* MarqueeLabel-SwiftTests */,
			);
		};
/* End PBXProject section */

/* Begin PBXResourcesBuildPhase section */
		EADD52FA1992FCBC00E19A42 /* Resources */ = {
			isa = PBXResourcesBuildPhase;
			buildActionMask = 2147483647;
			files = (
				EADD53071992FCBC00E19A42 /* Main.storyboard in Resources */,
				EADD53091992FCBC00E19A42 /* Images.xcassets in Resources */,
			);
			runOnlyForDeploymentPostprocessing = 0;
		};
		EADD530C1992FCBC00E19A42 /* Resources */ = {
			isa = PBXResourcesBuildPhase;
			buildActionMask = 2147483647;
			files = (
			);
			runOnlyForDeploymentPostprocessing = 0;
		};
/* End PBXResourcesBuildPhase section */

/* Begin PBXSourcesBuildPhase section */
		EADD52F81992FCBC00E19A42 /* Sources */ = {
			isa = PBXSourcesBuildPhase;
			buildActionMask = 2147483647;
			files = (
				EADD53041992FCBC00E19A42 /* ViewController.swift in Sources */,
				EADD53021992FCBC00E19A42 /* AppDelegate.swift in Sources */,
			);
			runOnlyForDeploymentPostprocessing = 0;
		};
		EADD530A1992FCBC00E19A42 /* Sources */ = {
			isa = PBXSourcesBuildPhase;
			buildActionMask = 2147483647;
			files = (
				EADD53151992FCBC00E19A42 /* MarqueeLabel_SwiftTests.swift in Sources */,
			);
			runOnlyForDeploymentPostprocessing = 0;
		};
/* End PBXSourcesBuildPhase section */

/* Begin PBXTargetDependency section */
		EADD53101992FCBC00E19A42 /* PBXTargetDependency */ = {
			isa = PBXTargetDependency;
			target = EADD52FB1992FCBC00E19A42 /* MarqueeLabel-Swift */;
			targetProxy = EADD530F1992FCBC00E19A42 /* PBXContainerItemProxy */;
		};
/* End PBXTargetDependency section */

/* Begin PBXVariantGroup section */
		EADD53051992FCBC00E19A42 /* Main.storyboard */ = {
			isa = PBXVariantGroup;
			children = (
				EADD53061992FCBC00E19A42 /* Base */,
			);
			name = Main.storyboard;
			sourceTree = "<group>";
		};
/* End PBXVariantGroup section */

/* Begin XCBuildConfiguration section */
		EADD53161992FCBC00E19A42 /* Debug */ = {
			isa = XCBuildConfiguration;
			buildSettings = {
				ALWAYS_SEARCH_USER_PATHS = NO;
				CLANG_CXX_LANGUAGE_STANDARD = "gnu++0x";
				CLANG_CXX_LIBRARY = "libc++";
				CLANG_ENABLE_MODULES = YES;
				CLANG_ENABLE_OBJC_ARC = YES;
				CLANG_WARN_BOOL_CONVERSION = YES;
				CLANG_WARN_CONSTANT_CONVERSION = YES;
				CLANG_WARN_DIRECT_OBJC_ISA_USAGE = YES_ERROR;
				CLANG_WARN_EMPTY_BODY = YES;
				CLANG_WARN_ENUM_CONVERSION = YES;
				CLANG_WARN_INT_CONVERSION = YES;
				CLANG_WARN_OBJC_ROOT_CLASS = YES_ERROR;
				CLANG_WARN_UNREACHABLE_CODE = YES;
				CLANG_WARN__DUPLICATE_METHOD_MATCH = YES;
				"CODE_SIGN_IDENTITY[sdk=iphoneos*]" = "iPhone Developer";
				COPY_PHASE_STRIP = NO;
				ENABLE_STRICT_OBJC_MSGSEND = YES;
				GCC_C_LANGUAGE_STANDARD = gnu99;
				GCC_DYNAMIC_NO_PIC = NO;
				GCC_OPTIMIZATION_LEVEL = 0;
				GCC_PREPROCESSOR_DEFINITIONS = (
					"DEBUG=1",
					"$(inherited)",
				);
				GCC_SYMBOLS_PRIVATE_EXTERN = NO;
				GCC_WARN_64_TO_32_BIT_CONVERSION = YES;
				GCC_WARN_ABOUT_RETURN_TYPE = YES_ERROR;
				GCC_WARN_UNDECLARED_SELECTOR = YES;
				GCC_WARN_UNINITIALIZED_AUTOS = YES_AGGRESSIVE;
				GCC_WARN_UNUSED_FUNCTION = YES;
				GCC_WARN_UNUSED_VARIABLE = YES;
				IPHONEOS_DEPLOYMENT_TARGET = 8.0;
				MTL_ENABLE_DEBUG_INFO = YES;
				ONLY_ACTIVE_ARCH = YES;
				SDKROOT = iphoneos;
				SWIFT_OPTIMIZATION_LEVEL = "-Onone";
			};
			name = Debug;
		};
		EADD53171992FCBC00E19A42 /* Release */ = {
			isa = XCBuildConfiguration;
			buildSettings = {
				ALWAYS_SEARCH_USER_PATHS = NO;
				CLANG_CXX_LANGUAGE_STANDARD = "gnu++0x";
				CLANG_CXX_LIBRARY = "libc++";
				CLANG_ENABLE_MODULES = YES;
				CLANG_ENABLE_OBJC_ARC = YES;
				CLANG_WARN_BOOL_CONVERSION = YES;
				CLANG_WARN_CONSTANT_CONVERSION = YES;
				CLANG_WARN_DIRECT_OBJC_ISA_USAGE = YES_ERROR;
				CLANG_WARN_EMPTY_BODY = YES;
				CLANG_WARN_ENUM_CONVERSION = YES;
				CLANG_WARN_INT_CONVERSION = YES;
				CLANG_WARN_OBJC_ROOT_CLASS = YES_ERROR;
				CLANG_WARN_UNREACHABLE_CODE = YES;
				CLANG_WARN__DUPLICATE_METHOD_MATCH = YES;
				"CODE_SIGN_IDENTITY[sdk=iphoneos*]" = "iPhone Developer";
				COPY_PHASE_STRIP = YES;
				ENABLE_NS_ASSERTIONS = NO;
				ENABLE_STRICT_OBJC_MSGSEND = YES;
				GCC_C_LANGUAGE_STANDARD = gnu99;
				GCC_WARN_64_TO_32_BIT_CONVERSION = YES;
				GCC_WARN_ABOUT_RETURN_TYPE = YES_ERROR;
				GCC_WARN_UNDECLARED_SELECTOR = YES;
				GCC_WARN_UNINITIALIZED_AUTOS = YES_AGGRESSIVE;
				GCC_WARN_UNUSED_FUNCTION = YES;
				GCC_WARN_UNUSED_VARIABLE = YES;
				IPHONEOS_DEPLOYMENT_TARGET = 8.0;
				MTL_ENABLE_DEBUG_INFO = NO;
				SDKROOT = iphoneos;
				VALIDATE_PRODUCT = YES;
			};
			name = Release;
		};
		EADD53191992FCBC00E19A42 /* Debug */ = {
			isa = XCBuildConfiguration;
			buildSettings = {
				ASSETCATALOG_COMPILER_APPICON_NAME = AppIcon;
				ASSETCATALOG_COMPILER_LAUNCHIMAGE_NAME = LaunchImage;
				INFOPLIST_FILE = "MarqueeLabel-Swift/Info.plist";
				LD_RUNPATH_SEARCH_PATHS = "$(inherited) @executable_path/Frameworks";
				PRODUCT_NAME = "$(TARGET_NAME)";
			};
			name = Debug;
		};
		EADD531A1992FCBC00E19A42 /* Release */ = {
			isa = XCBuildConfiguration;
			buildSettings = {
				ASSETCATALOG_COMPILER_APPICON_NAME = AppIcon;
				ASSETCATALOG_COMPILER_LAUNCHIMAGE_NAME = LaunchImage;
				INFOPLIST_FILE = "MarqueeLabel-Swift/Info.plist";
				LD_RUNPATH_SEARCH_PATHS = "$(inherited) @executable_path/Frameworks";
				PRODUCT_NAME = "$(TARGET_NAME)";
			};
			name = Release;
		};
		EADD531C1992FCBC00E19A42 /* Debug */ = {
			isa = XCBuildConfiguration;
			buildSettings = {
				BUNDLE_LOADER = "$(TEST_HOST)";
				FRAMEWORK_SEARCH_PATHS = (
					"$(SDKROOT)/Developer/Library/Frameworks",
					"$(inherited)",
				);
				GCC_PREPROCESSOR_DEFINITIONS = (
					"DEBUG=1",
					"$(inherited)",
				);
				INFOPLIST_FILE = "MarqueeLabel-SwiftTests/Info.plist";
				LD_RUNPATH_SEARCH_PATHS = "$(inherited) @executable_path/Frameworks @loader_path/Frameworks";
				PRODUCT_NAME = "$(TARGET_NAME)";
				TEST_HOST = "$(BUILT_PRODUCTS_DIR)/MarqueeLabel-Swift.app/MarqueeLabel-Swift";
			};
			name = Debug;
		};
		EADD531D1992FCBC00E19A42 /* Release */ = {
			isa = XCBuildConfiguration;
			buildSettings = {
				BUNDLE_LOADER = "$(TEST_HOST)";
				FRAMEWORK_SEARCH_PATHS = (
					"$(SDKROOT)/Developer/Library/Frameworks",
					"$(inherited)",
				);
				INFOPLIST_FILE = "MarqueeLabel-SwiftTests/Info.plist";
				LD_RUNPATH_SEARCH_PATHS = "$(inherited) @executable_path/Frameworks @loader_path/Frameworks";
				PRODUCT_NAME = "$(TARGET_NAME)";
				TEST_HOST = "$(BUILT_PRODUCTS_DIR)/MarqueeLabel-Swift.app/MarqueeLabel-Swift";
			};
			name = Release;
		};
/* End XCBuildConfiguration section */

/* Begin XCConfigurationList section */
		EADD52F71992FCBC00E19A42 /* Build configuration list for PBXProject "MarqueeLabel-Swift" */ = {
			isa = XCConfigurationList;
			buildConfigurations = (
				EADD53161992FCBC00E19A42 /* Debug */,
				EADD53171992FCBC00E19A42 /* Release */,
			);
			defaultConfigurationIsVisible = 0;
			defaultConfigurationName = Release;
		};
		EADD53181992FCBC00E19A42 /* Build configuration list for PBXNativeTarget "MarqueeLabel-Swift" */ = {
			isa = XCConfigurationList;
			buildConfigurations = (
				EADD53191992FCBC00E19A42 /* Debug */,
				EADD531A1992FCBC00E19A42 /* Release */,
			);
			defaultConfigurationIsVisible = 0;
		};
		EADD531B1992FCBC00E19A42 /* Build configuration list for PBXNativeTarget "MarqueeLabel-SwiftTests" */ = {
			isa = XCConfigurationList;
			buildConfigurations = (
				EADD531C1992FCBC00E19A42 /* Debug */,
				EADD531D1992FCBC00E19A42 /* Release */,
			);
			defaultConfigurationIsVisible = 0;
		};
/* End XCConfigurationList section */
	};
	rootObject = EADD52F41992FCBC00E19A42 /* Project object */;
}
