// !$*UTF8*$!
{
	archiveVersion = 1;
	classes = {
	};
	objectVersion = 46;
	objects = {

/* Begin PBXBuildFile section */
		1F8567B91C408EB6008088FF /* AppDelegate.swift in Sources */ = {isa = PBXBuildFile; fileRef = 1F8567B81C408EB6008088FF /* AppDelegate.swift */; };
		1F8567BB1C408EB6008088FF /* ViewController.swift in Sources */ = {isa = PBXBuildFile; fileRef = 1F8567BA1C408EB6008088FF /* ViewController.swift */; };
		1F8567BE1C408EB6008088FF /* Main.storyboard in Resources */ = {isa = PBXBuildFile; fileRef = 1F8567BC1C408EB6008088FF /* Main.storyboard */; };
		1F8567C01C408EB6008088FF /* Assets.xcassets in Resources */ = {isa = PBXBuildFile; fileRef = 1F8567BF1C408EB6008088FF /* Assets.xcassets */; };
		EA08C81C1996DAEE00FB72B6 /* QuartzCore.framework in Frameworks */ = {isa = PBXBuildFile; fileRef = EA08C81B1996DAEE00FB72B6 /* QuartzCore.framework */; };
		EA73C7241C541C5700EDA671 /* MarqueeLabel.swift in Sources */ = {isa = PBXBuildFile; fileRef = EADD534A1992FDF100E19A42 /* MarqueeLabel.swift */; };
		EA7AF4B01AE5E46F00F31C40 /* MarqueeLabel.storyboard in Resources */ = {isa = PBXBuildFile; fileRef = EA7AF4AF1AE5E46F00F31C40 /* MarqueeLabel.storyboard */; };
		EAB6795F1C54874900E34546 /* QuartzCore.framework in Frameworks */ = {isa = PBXBuildFile; fileRef = EA08C81B1996DAEE00FB72B6 /* QuartzCore.framework */; };
		EADD532D1992FD5600E19A42 /* AppDelegate.swift in Sources */ = {isa = PBXBuildFile; fileRef = EADD532C1992FD5600E19A42 /* AppDelegate.swift */; };
		EADD532F1992FD5600E19A42 /* MarqueeLabelDemoViewController.swift in Sources */ = {isa = PBXBuildFile; fileRef = EADD532E1992FD5600E19A42 /* MarqueeLabelDemoViewController.swift */; };
		EADD53341992FD5600E19A42 /* Images.xcassets in Resources */ = {isa = PBXBuildFile; fileRef = EADD53331992FD5600E19A42 /* Images.xcassets */; };
		EADD534B1992FDF100E19A42 /* MarqueeLabel.swift in Sources */ = {isa = PBXBuildFile; fileRef = EADD534A1992FDF100E19A42 /* MarqueeLabel.swift */; };
/* End PBXBuildFile section */

/* Begin PBXCopyFilesBuildPhase section */
		1F8567C91C409119008088FF /* Embed Frameworks */ = {
			isa = PBXCopyFilesBuildPhase;
			buildActionMask = 2147483647;
			dstPath = "";
			dstSubfolderSpec = 10;
			files = (
			);
			name = "Embed Frameworks";
			runOnlyForDeploymentPostprocessing = 0;
		};
/* End PBXCopyFilesBuildPhase section */

/* Begin PBXFileReference section */
		1F8567B61C408EB6008088FF /* MarqueeLabelDemo-tvOS.app */ = {isa = PBXFileReference; explicitFileType = wrapper.application; includeInIndex = 0; path = "MarqueeLabelDemo-tvOS.app"; sourceTree = BUILT_PRODUCTS_DIR; };
		1F8567B81C408EB6008088FF /* AppDelegate.swift */ = {isa = PBXFileReference; lastKnownFileType = sourcecode.swift; path = AppDelegate.swift; sourceTree = "<group>"; };
		1F8567BA1C408EB6008088FF /* ViewController.swift */ = {isa = PBXFileReference; lastKnownFileType = sourcecode.swift; path = ViewController.swift; sourceTree = "<group>"; };
		1F8567BD1C408EB6008088FF /* Base */ = {isa = PBXFileReference; lastKnownFileType = file.storyboard; name = Base; path = Base.lproj/Main.storyboard; sourceTree = "<group>"; };
		1F8567BF1C408EB6008088FF /* Assets.xcassets */ = {isa = PBXFileReference; lastKnownFileType = folder.assetcatalog; path = Assets.xcassets; sourceTree = "<group>"; };
		1F8567C11C408EB6008088FF /* Info.plist */ = {isa = PBXFileReference; lastKnownFileType = text.plist.xml; path = Info.plist; sourceTree = "<group>"; };
		EA08C81B1996DAEE00FB72B6 /* QuartzCore.framework */ = {isa = PBXFileReference; lastKnownFileType = wrapper.framework; name = QuartzCore.framework; path = System/Library/Frameworks/QuartzCore.framework; sourceTree = SDKROOT; };
		EA7AF4AF1AE5E46F00F31C40 /* MarqueeLabel.storyboard */ = {isa = PBXFileReference; fileEncoding = 4; lastKnownFileType = file.storyboard; path = MarqueeLabel.storyboard; sourceTree = "<group>"; };
		EADD53271992FD5600E19A42 /* MarqueeLabelDemo-Swift.app */ = {isa = PBXFileReference; explicitFileType = wrapper.application; includeInIndex = 0; path = "MarqueeLabelDemo-Swift.app"; sourceTree = BUILT_PRODUCTS_DIR; };
		EADD532B1992FD5600E19A42 /* Info.plist */ = {isa = PBXFileReference; lastKnownFileType = text.plist.xml; path = Info.plist; sourceTree = "<group>"; };
		EADD532C1992FD5600E19A42 /* AppDelegate.swift */ = {isa = PBXFileReference; lastKnownFileType = sourcecode.swift; path = AppDelegate.swift; sourceTree = "<group>"; };
		EADD532E1992FD5600E19A42 /* MarqueeLabelDemoViewController.swift */ = {isa = PBXFileReference; lastKnownFileType = sourcecode.swift; path = MarqueeLabelDemoViewController.swift; sourceTree = "<group>"; };
		EADD53331992FD5600E19A42 /* Images.xcassets */ = {isa = PBXFileReference; lastKnownFileType = folder.assetcatalog; path = Images.xcassets; sourceTree = "<group>"; };
		EADD533E1992FD5600E19A42 /* Info.plist */ = {isa = PBXFileReference; lastKnownFileType = text.plist.xml; path = Info.plist; sourceTree = "<group>"; };
		EADD533F1992FD5600E19A42 /* MarqueeLabelDemo_SwiftTests.swift */ = {isa = PBXFileReference; lastKnownFileType = sourcecode.swift; path = MarqueeLabelDemo_SwiftTests.swift; sourceTree = "<group>"; };
		EADD534A1992FDF100E19A42 /* MarqueeLabel.swift */ = {isa = PBXFileReference; fileEncoding = 4; lastKnownFileType = sourcecode.swift; name = MarqueeLabel.swift; path = ../Classes/MarqueeLabel.swift; sourceTree = "<group>"; };
/* End PBXFileReference section */

/* Begin PBXFrameworksBuildPhase section */
		1F8567B31C408EB6008088FF /* Frameworks */ = {
			isa = PBXFrameworksBuildPhase;
			buildActionMask = 2147483647;
			files = (
				EAB6795F1C54874900E34546 /* QuartzCore.framework in Frameworks */,
			);
			runOnlyForDeploymentPostprocessing = 0;
		};
		EADD53241992FD5600E19A42 /* Frameworks */ = {
			isa = PBXFrameworksBuildPhase;
			buildActionMask = 2147483647;
			files = (
				EA08C81C1996DAEE00FB72B6 /* QuartzCore.framework in Frameworks */,
			);
			runOnlyForDeploymentPostprocessing = 0;
		};
/* End PBXFrameworksBuildPhase section */

/* Begin PBXGroup section */
		1F8567B71C408EB6008088FF /* MarqueeLabelDemo-tvOS */ = {
			isa = PBXGroup;
			children = (
				1F8567B81C408EB6008088FF /* AppDelegate.swift */,
				1F8567BA1C408EB6008088FF /* ViewController.swift */,
				1F8567BC1C408EB6008088FF /* Main.storyboard */,
				1F8567BF1C408EB6008088FF /* Assets.xcassets */,
				1F8567C11C408EB6008088FF /* Info.plist */,
			);
			name = "MarqueeLabelDemo-tvOS";
			path = "Demo-tvOS";
			sourceTree = "<group>";
		};
		EADD531E1992FD5600E19A42 = {
			isa = PBXGroup;
			children = (
				EADD53491992FDDC00E19A42 /* Classes */,
				EADD53291992FD5600E19A42 /* MarqueeLabelDemo-Swift */,
				1F8567B71C408EB6008088FF /* MarqueeLabelDemo-tvOS */,
				EADD533C1992FD5600E19A42 /* MarqueeLabelDemo-SwiftTests */,
				EADD53281992FD5600E19A42 /* Products */,
				EA08C81B1996DAEE00FB72B6 /* QuartzCore.framework */,
			);
			sourceTree = "<group>";
		};
		EADD53281992FD5600E19A42 /* Products */ = {
			isa = PBXGroup;
			children = (
				EADD53271992FD5600E19A42 /* MarqueeLabelDemo-Swift.app */,
				1F8567B61C408EB6008088FF /* MarqueeLabelDemo-tvOS.app */,
			);
			name = Products;
			sourceTree = "<group>";
		};
		EADD53291992FD5600E19A42 /* MarqueeLabelDemo-Swift */ = {
			isa = PBXGroup;
			children = (
				EADD532C1992FD5600E19A42 /* AppDelegate.swift */,
				EADD532E1992FD5600E19A42 /* MarqueeLabelDemoViewController.swift */,
				EA7AF4AF1AE5E46F00F31C40 /* MarqueeLabel.storyboard */,
				EADD53331992FD5600E19A42 /* Images.xcassets */,
				EADD532A1992FD5600E19A42 /* Supporting Files */,
			);
			path = "MarqueeLabelDemo-Swift";
			sourceTree = "<group>";
		};
		EADD532A1992FD5600E19A42 /* Supporting Files */ = {
			isa = PBXGroup;
			children = (
				EADD532B1992FD5600E19A42 /* Info.plist */,
			);
			name = "Supporting Files";
			sourceTree = "<group>";
		};
		EADD533C1992FD5600E19A42 /* MarqueeLabelDemo-SwiftTests */ = {
			isa = PBXGroup;
			children = (
				EADD533F1992FD5600E19A42 /* MarqueeLabelDemo_SwiftTests.swift */,
				EADD533D1992FD5600E19A42 /* Supporting Files */,
			);
			path = "MarqueeLabelDemo-SwiftTests";
			sourceTree = "<group>";
		};
		EADD533D1992FD5600E19A42 /* Supporting Files */ = {
			isa = PBXGroup;
			children = (
				EADD533E1992FD5600E19A42 /* Info.plist */,
			);
			name = "Supporting Files";
			sourceTree = "<group>";
		};
		EADD53491992FDDC00E19A42 /* Classes */ = {
			isa = PBXGroup;
			children = (
				EADD534A1992FDF100E19A42 /* MarqueeLabel.swift */,
			);
			name = Classes;
			sourceTree = "<group>";
		};
/* End PBXGroup section */

/* Begin PBXNativeTarget section */
		1F8567B51C408EB6008088FF /* MarqueeLabelDemo-tvOS */ = {
			isa = PBXNativeTarget;
			buildConfigurationList = 1F8567C21C408EB6008088FF /* Build configuration list for PBXNativeTarget "MarqueeLabelDemo-tvOS" */;
			buildPhases = (
				1F8567B21C408EB6008088FF /* Sources */,
				1F8567B31C408EB6008088FF /* Frameworks */,
				1F8567B41C408EB6008088FF /* Resources */,
				1F8567C91C409119008088FF /* Embed Frameworks */,
			);
			buildRules = (
			);
			dependencies = (
			);
			name = "MarqueeLabelDemo-tvOS";
			productName = "Demo-tvOS";
			productReference = 1F8567B61C408EB6008088FF /* MarqueeLabelDemo-tvOS.app */;
			productType = "com.apple.product-type.application";
		};
		EADD53261992FD5600E19A42 /* MarqueeLabelDemo-Swift */ = {
			isa = PBXNativeTarget;
			buildConfigurationList = EADD53431992FD5600E19A42 /* Build configuration list for PBXNativeTarget "MarqueeLabelDemo-Swift" */;
			buildPhases = (
				EADD53231992FD5600E19A42 /* Sources */,
				EADD53241992FD5600E19A42 /* Frameworks */,
				EADD53251992FD5600E19A42 /* Resources */,
			);
			buildRules = (
			);
			dependencies = (
			);
			name = "MarqueeLabelDemo-Swift";
			productName = "MarqueeLabelDemo-Swift";
			productReference = EADD53271992FD5600E19A42 /* MarqueeLabelDemo-Swift.app */;
			productType = "com.apple.product-type.application";
		};
/* End PBXNativeTarget section */

/* Begin PBXProject section */
		EADD531F1992FD5600E19A42 /* Project object */ = {
			isa = PBXProject;
			attributes = {
				LastSwiftUpdateCheck = 0720;
				LastUpgradeCheck = 0700;
				ORGANIZATIONNAME = "Charles Powell";
				TargetAttributes = {
					1F8567B51C408EB6008088FF = {
						CreatedOnToolsVersion = 7.2;
						DevelopmentTeam = K573DL86KG;
					};
					EADD53261992FD5600E19A42 = {
						CreatedOnToolsVersion = 6.0;
					};
				};
			};
			buildConfigurationList = EADD53221992FD5600E19A42 /* Build configuration list for PBXProject "MarqueeLabelDemo-Swift" */;
			compatibilityVersion = "Xcode 3.2";
			developmentRegion = English;
			hasScannedForEncodings = 0;
			knownRegions = (
				en,
				Base,
			);
			mainGroup = EADD531E1992FD5600E19A42;
			productRefGroup = EADD53281992FD5600E19A42 /* Products */;
			projectDirPath = "";
			projectRoot = "";
			targets = (
				EADD53261992FD5600E19A42 /* MarqueeLabelDemo-Swift */,
				1F8567B51C408EB6008088FF /* MarqueeLabelDemo-tvOS */,
			);
		};
/* End PBXProject section */

/* Begin PBXResourcesBuildPhase section */
		1F8567B41C408EB6008088FF /* Resources */ = {
			isa = PBXResourcesBuildPhase;
			buildActionMask = 2147483647;
			files = (
				1F8567C01C408EB6008088FF /* Assets.xcassets in Resources */,
				1F8567BE1C408EB6008088FF /* Main.storyboard in Resources */,
			);
			runOnlyForDeploymentPostprocessing = 0;
		};
		EADD53251992FD5600E19A42 /* Resources */ = {
			isa = PBXResourcesBuildPhase;
			buildActionMask = 2147483647;
			files = (
				EADD53341992FD5600E19A42 /* Images.xcassets in Resources */,
				EA7AF4B01AE5E46F00F31C40 /* MarqueeLabel.storyboard in Resources */,
			);
			runOnlyForDeploymentPostprocessing = 0;
		};
/* End PBXResourcesBuildPhase section */

/* Begin PBXSourcesBuildPhase section */
		1F8567B21C408EB6008088FF /* Sources */ = {
			isa = PBXSourcesBuildPhase;
			buildActionMask = 2147483647;
			files = (
				EA73C7241C541C5700EDA671 /* MarqueeLabel.swift in Sources */,
				1F8567BB1C408EB6008088FF /* ViewController.swift in Sources */,
				1F8567B91C408EB6008088FF /* AppDelegate.swift in Sources */,
			);
			runOnlyForDeploymentPostprocessing = 0;
		};
		EADD53231992FD5600E19A42 /* Sources */ = {
			isa = PBXSourcesBuildPhase;
			buildActionMask = 2147483647;
			files = (
				EADD534B1992FDF100E19A42 /* MarqueeLabel.swift in Sources */,
				EADD532F1992FD5600E19A42 /* MarqueeLabelDemoViewController.swift in Sources */,
				EADD532D1992FD5600E19A42 /* AppDelegate.swift in Sources */,
			);
			runOnlyForDeploymentPostprocessing = 0;
		};
/* End PBXSourcesBuildPhase section */

/* Begin PBXVariantGroup section */
		1F8567BC1C408EB6008088FF /* Main.storyboard */ = {
			isa = PBXVariantGroup;
			children = (
				1F8567BD1C408EB6008088FF /* Base */,
			);
			name = Main.storyboard;
			sourceTree = "<group>";
		};
/* End PBXVariantGroup section */

/* Begin XCBuildConfiguration section */
		1F8567C31C408EB6008088FF /* Debug */ = {
			isa = XCBuildConfiguration;
			buildSettings = {
				ASSETCATALOG_COMPILER_APPICON_NAME = "App Icon & Top Shelf Image";
				ASSETCATALOG_COMPILER_LAUNCHIMAGE_NAME = LaunchImage;
				CODE_SIGN_IDENTITY = "iPhone Developer";
				"CODE_SIGN_IDENTITY[sdk=appletvos*]" = "iPhone Developer";
				DEBUG_INFORMATION_FORMAT = dwarf;
				EMBEDDED_CONTENT_CONTAINS_SWIFT = YES;
				GCC_NO_COMMON_BLOCKS = YES;
				INFOPLIST_FILE = "Demo-tvOS/Info.plist";
				LD_RUNPATH_SEARCH_PATHS = "$(inherited) @executable_path/Frameworks";
				PRODUCT_BUNDLE_IDENTIFIER = "com.charlespowell.MarqueeLabelDemo-tvOS";
				PRODUCT_NAME = "$(TARGET_NAME)";
				PROVISIONING_PROFILE = "";
				SDKROOT = appletvos;
				TARGETED_DEVICE_FAMILY = 3;
				TVOS_DEPLOYMENT_TARGET = 9.1;
			};
			name = Debug;
		};
		1F8567C41C408EB6008088FF /* Release */ = {
			isa = XCBuildConfiguration;
			buildSettings = {
				ASSETCATALOG_COMPILER_APPICON_NAME = "App Icon & Top Shelf Image";
				ASSETCATALOG_COMPILER_LAUNCHIMAGE_NAME = LaunchImage;
				CODE_SIGN_IDENTITY = "iPhone Developer";
				"CODE_SIGN_IDENTITY[sdk=appletvos*]" = "iPhone Developer";
				COPY_PHASE_STRIP = NO;
				DEBUG_INFORMATION_FORMAT = "dwarf-with-dsym";
				EMBEDDED_CONTENT_CONTAINS_SWIFT = YES;
				GCC_NO_COMMON_BLOCKS = YES;
				INFOPLIST_FILE = "Demo-tvOS/Info.plist";
				LD_RUNPATH_SEARCH_PATHS = "$(inherited) @executable_path/Frameworks";
				PRODUCT_BUNDLE_IDENTIFIER = "com.charlespowell.MarqueeLabelDemo-tvOS";
				PRODUCT_NAME = "$(TARGET_NAME)";
				PROVISIONING_PROFILE = "";
				SDKROOT = appletvos;
				TARGETED_DEVICE_FAMILY = 3;
				TVOS_DEPLOYMENT_TARGET = 9.1;
			};
			name = Release;
		};
		EADD53411992FD5600E19A42 /* Debug */ = {
			isa = XCBuildConfiguration;
			buildSettings = {
				ALWAYS_SEARCH_USER_PATHS = NO;
				CLANG_CXX_LANGUAGE_STANDARD = "gnu++0x";
				CLANG_CXX_LIBRARY = "libc++";
				CLANG_ENABLE_MODULES = YES;
				CLANG_ENABLE_OBJC_ARC = YES;
				CLANG_WARN_BOOL_CONVERSION = YES;
				CLANG_WARN_CONSTANT_CONVERSION = YES;
				CLANG_WARN_DIRECT_OBJC_ISA_USAGE = YES_ERROR;
				CLANG_WARN_EMPTY_BODY = YES;
				CLANG_WARN_ENUM_CONVERSION = YES;
				CLANG_WARN_INT_CONVERSION = YES;
				CLANG_WARN_OBJC_ROOT_CLASS = YES_ERROR;
				CLANG_WARN_UNREACHABLE_CODE = YES;
				CLANG_WARN__DUPLICATE_METHOD_MATCH = YES;
				"CODE_SIGN_IDENTITY[sdk=iphoneos*]" = "iPhone Developer";
				COPY_PHASE_STRIP = NO;
				ENABLE_STRICT_OBJC_MSGSEND = YES;
				ENABLE_TESTABILITY = YES;
				GCC_C_LANGUAGE_STANDARD = gnu99;
				GCC_DYNAMIC_NO_PIC = NO;
				GCC_OPTIMIZATION_LEVEL = 0;
				GCC_PREPROCESSOR_DEFINITIONS = (
					"DEBUG=1",
					"$(inherited)",
				);
				GCC_SYMBOLS_PRIVATE_EXTERN = NO;
				GCC_WARN_64_TO_32_BIT_CONVERSION = YES;
				GCC_WARN_ABOUT_RETURN_TYPE = YES_ERROR;
				GCC_WARN_UNDECLARED_SELECTOR = YES;
				GCC_WARN_UNINITIALIZED_AUTOS = YES_AGGRESSIVE;
				GCC_WARN_UNUSED_FUNCTION = YES;
				GCC_WARN_UNUSED_VARIABLE = YES;
				IPHONEOS_DEPLOYMENT_TARGET = 8.0;
				MTL_ENABLE_DEBUG_INFO = YES;
				ONLY_ACTIVE_ARCH = YES;
				SDKROOT = iphoneos;
				SWIFT_OPTIMIZATION_LEVEL = "-Onone";
			};
			name = Debug;
		};
		EADD53421992FD5600E19A42 /* Release */ = {
			isa = XCBuildConfiguration;
			buildSettings = {
				ALWAYS_SEARCH_USER_PATHS = NO;
				CLANG_CXX_LANGUAGE_STANDARD = "gnu++0x";
				CLANG_CXX_LIBRARY = "libc++";
				CLANG_ENABLE_MODULES = YES;
				CLANG_ENABLE_OBJC_ARC = YES;
				CLANG_WARN_BOOL_CONVERSION = YES;
				CLANG_WARN_CONSTANT_CONVERSION = YES;
				CLANG_WARN_DIRECT_OBJC_ISA_USAGE = YES_ERROR;
				CLANG_WARN_EMPTY_BODY = YES;
				CLANG_WARN_ENUM_CONVERSION = YES;
				CLANG_WARN_INT_CONVERSION = YES;
				CLANG_WARN_OBJC_ROOT_CLASS = YES_ERROR;
				CLANG_WARN_UNREACHABLE_CODE = YES;
				CLANG_WARN__DUPLICATE_METHOD_MATCH = YES;
				"CODE_SIGN_IDENTITY[sdk=iphoneos*]" = "iPhone Developer";
				COPY_PHASE_STRIP = YES;
				ENABLE_NS_ASSERTIONS = NO;
				ENABLE_STRICT_OBJC_MSGSEND = YES;
				GCC_C_LANGUAGE_STANDARD = gnu99;
				GCC_WARN_64_TO_32_BIT_CONVERSION = YES;
				GCC_WARN_ABOUT_RETURN_TYPE = YES_ERROR;
				GCC_WARN_UNDECLARED_SELECTOR = YES;
				GCC_WARN_UNINITIALIZED_AUTOS = YES_AGGRESSIVE;
				GCC_WARN_UNUSED_FUNCTION = YES;
				GCC_WARN_UNUSED_VARIABLE = YES;
				IPHONEOS_DEPLOYMENT_TARGET = 8.0;
				MTL_ENABLE_DEBUG_INFO = NO;
				SDKROOT = iphoneos;
				VALIDATE_PRODUCT = YES;
			};
			name = Release;
		};
		EADD53441992FD5600E19A42 /* Debug */ = {
			isa = XCBuildConfiguration;
			buildSettings = {
				ASSETCATALOG_COMPILER_APPICON_NAME = AppIcon;
				INFOPLIST_FILE = "MarqueeLabelDemo-Swift/Info.plist";
				LD_RUNPATH_SEARCH_PATHS = "$(inherited) @executable_path/Frameworks";
				PRODUCT_BUNDLE_IDENTIFIER = "com.charlespowell.$(PRODUCT_NAME:rfc1034identifier)";
				PRODUCT_NAME = "$(TARGET_NAME)";
			};
			name = Debug;
		};
		EADD53451992FD5600E19A42 /* Release */ = {
			isa = XCBuildConfiguration;
			buildSettings = {
				ASSETCATALOG_COMPILER_APPICON_NAME = AppIcon;
				INFOPLIST_FILE = "MarqueeLabelDemo-Swift/Info.plist";
				LD_RUNPATH_SEARCH_PATHS = "$(inherited) @executable_path/Frameworks";
				PRODUCT_BUNDLE_IDENTIFIER = "com.charlespowell.$(PRODUCT_NAME:rfc1034identifier)";
				PRODUCT_NAME = "$(TARGET_NAME)";
			};
			name = Release;
		};
/* End XCBuildConfiguration section */

/* Begin XCConfigurationList section */
		1F8567C21C408EB6008088FF /* Build configuration list for PBXNativeTarget "MarqueeLabelDemo-tvOS" */ = {
			isa = XCConfigurationList;
			buildConfigurations = (
				1F8567C31C408EB6008088FF /* Debug */,
				1F8567C41C408EB6008088FF /* Release */,
			);
			defaultConfigurationIsVisible = 0;
			defaultConfigurationName = Release;
		};
		EADD53221992FD5600E19A42 /* Build configuration list for PBXProject "MarqueeLabelDemo-Swift" */ = {
			isa = XCConfigurationList;
			buildConfigurations = (
				EADD53411992FD5600E19A42 /* Debug */,
				EADD53421992FD5600E19A42 /* Release */,
			);
			defaultConfigurationIsVisible = 0;
			defaultConfigurationName = Release;
		};
		EADD53431992FD5600E19A42 /* Build configuration list for PBXNativeTarget "MarqueeLabelDemo-Swift" */ = {
			isa = XCConfigurationList;
			buildConfigurations = (
				EADD53441992FD5600E19A42 /* Debug */,
				EADD53451992FD5600E19A42 /* Release */,
			);
			defaultConfigurationIsVisible = 0;
			defaultConfigurationName = Release;
		};
/* End XCConfigurationList section */
	};
	rootObject = EADD531F1992FD5600E19A42 /* Project object */;
}
